
Microsoft Visual Studio Solution File, Format Version 12.00
# Visual Studio Version 16
VisualStudioVersion = 25.0.1706.4
MinimumVisualStudioVersion = 10.0.40219.1
Project("{FAE04EC0-301F-11D3-BF4B-00C04F79EFBC}") = "DZ", "KFU_DZ_7\DZ.csproj", "{8185B7C4-6BA7-45FA-B937-F1E3B1E25E02}"
EndProject
Project("{FAE04EC0-301F-11D3-BF4B-00C04F79EFBC}") = "Labwork", "Labwork\Labwork.csproj", "{0729980C-E8B7-4FF8-A623-1438BD89D902}"
EndProject
Global
	GlobalSection(SolutionConfigurationPlatforms) = preSolution
		Debug|Any CPU = Debug|Any CPU
		Release|Any CPU = Release|Any CPU
	EndGlobalSection
	GlobalSection(ProjectConfigurationPlatforms) = postSolution
		{8185B7C4-6BA7-45FA-B937-F1E3B1E25E02}.Debug|Any CPU.ActiveCfg = Debug|Any CPU
		{8185B7C4-6BA7-45FA-B937-F1E3B1E25E02}.Debug|Any CPU.Build.0 = Debug|Any CPU
		{8185B7C4-6BA7-45FA-B937-F1E3B1E25E02}.Release|Any CPU.ActiveCfg = Release|Any CPU
		{8185B7C4-6BA7-45FA-B937-F1E3B1E25E02}.Release|Any CPU.Build.0 = Release|Any CPU
		{0729980C-E8B7-4FF8-A623-1438BD89D902}.Debug|Any CPU.ActiveCfg = Debug|Any CPU
		{0729980C-E8B7-4FF8-A623-1438BD89D902}.Debug|Any CPU.Build.0 = Debug|Any CPU
		{0729980C-E8B7-4FF8-A623-1438BD89D902}.Release|Any CPU.ActiveCfg = Release|Any CPU
		{0729980C-E8B7-4FF8-A623-1438BD89D902}.Release|Any CPU.Build.0 = Release|Any CPU
	EndGlobalSection
	GlobalSection(SolutionProperties) = preSolution
		HideSolutionNode = FALSE
	EndGlobalSection
	GlobalSection(ExtensibilityGlobals) = postSolution
		SolutionGuid = {DB0F2F4C-7AED-4E8E-B8C4-CD8CF1545E32}
	EndGlobalSection
EndGlobal
